
Microsoft Visual Studio Solution File, Format Version 12.00
# Visual Studio Version 17
VisualStudioVersion = 17.14.37203.1 d17.14
MinimumVisualStudioVersion = 10.0.40219.1
Project("{FAE04EC0-301F-11D3-BF4B-00C04F79EFBC}") = "GDGWisejSerialBarcodeReader", "GDGWisejSerialBarcodeReader\GDGWisejSerialBarcodeReader.csproj", "{858EAE4D-CDAD-7A1F-203F-313BDBBD7AD6}"
EndProject
Project("{F184B08F-C81C-45F6-A57F-5ABD9991F28F}") = "GDGWisejSerialBarcodeReaderTester", "GDGWisejSerialBarcodeReaderTester\GDGWisejSerialBarcodeReaderTester.vbproj", "{FB780EF1-7C94-4E18-A87B-322415A10EA0}"
EndProject
Global
	GlobalSection(SolutionConfigurationPlatforms) = preSolution
		Debug|Any CPU = Debug|Any CPU
		Release|Any CPU = Release|Any CPU
	EndGlobalSection
	GlobalSection(ProjectConfigurationPlatforms) = postSolution
		{858EAE4D-CDAD-7A1F-203F-313BDBBD7AD6}.Debug|Any CPU.ActiveCfg = Debug|Any CPU
		{858EAE4D-CDAD-7A1F-203F-313BDBBD7AD6}.Debug|Any CPU.Build.0 = Debug|Any CPU
		{858EAE4D-CDAD-7A1F-203F-313BDBBD7AD6}.Release|Any CPU.ActiveCfg = Release|Any CPU
		{858EAE4D-CDAD-7A1F-203F-313BDBBD7AD6}.Release|Any CPU.Build.0 = Release|Any CPU
		{FB780EF1-7C94-4E18-A87B-322415A10EA0}.Debug|Any CPU.ActiveCfg = Debug|Any CPU
		{FB780EF1-7C94-4E18-A87B-322415A10EA0}.Debug|Any CPU.Build.0 = Debug|Any CPU
		{FB780EF1-7C94-4E18-A87B-322415A10EA0}.Release|Any CPU.ActiveCfg = Release|Any CPU
		{FB780EF1-7C94-4E18-A87B-322415A10EA0}.Release|Any CPU.Build.0 = Release|Any CPU
	EndGlobalSection
	GlobalSection(SolutionProperties) = preSolution
		HideSolutionNode = FALSE
	EndGlobalSection
	GlobalSection(ExtensibilityGlobals) = postSolution
		SolutionGuid = {1058ED45-BC44-4249-A4B5-019714F39ECE}
	EndGlobalSection
EndGlobal
